
Microsoft Visual Studio Solution File, Format Version 12.00
# Visual Studio Version 17
VisualStudioVersion = 17.1.32210.238
MinimumVisualStudioVersion = 10.0.40219.1
Project("{8BC9CEB8-8B4A-11D0-8D11-00A0C91BC942}") = "BiologyProject", "BiologyProject\BiologyProject.vcxproj", "{94687AD5-162A-4B9B-ADF7-8A83FFAFBCA6}"
EndProject
Project("{8BC9CEB8-8B4A-11D0-8D11-00A0C91BC942}") = "BiologyData", "BiologyData\BiologyData.vcxproj", "{88C0E180-05D3-4C94-AC0D-F14725D4CE34}"
EndProject
Global
	GlobalSection(SolutionConfigurationPlatforms) = preSolution
		Debug|x64 = Debug|x64
		Debug|x86 = Debug|x86
		Release|x64 = Release|x64
		Release|x86 = Release|x86
	EndGlobalSection
	GlobalSection(ProjectConfigurationPlatforms) = postSolution
		{94687AD5-162A-4B9B-ADF7-8A83FFAFBCA6}.Debug|x64.ActiveCfg = Debug|x64
		{94687AD5-162A-4B9B-ADF7-8A83FFAFBCA6}.Debug|x64.Build.0 = Debug|x64
		{94687AD5-162A-4B9B-ADF7-8A83FFAFBCA6}.Debug|x86.ActiveCfg = Debug|Win32
		{94687AD5-162A-4B9B-ADF7-8A83FFAFBCA6}.Debug|x86.Build.0 = Debug|Win32
		{94687AD5-162A-4B9B-ADF7-8A83FFAFBCA6}.Release|x64.ActiveCfg = Release|x64
		{94687AD5-162A-4B9B-ADF7-8A83FFAFBCA6}.Release|x64.Build.0 = Release|x64
		{94687AD5-162A-4B9B-ADF7-8A83FFAFBCA6}.Release|x86.ActiveCfg = Release|Win32
		{94687AD5-162A-4B9B-ADF7-8A83FFAFBCA6}.Release|x86.Build.0 = Release|Win32
		{88C0E180-05D3-4C94-AC0D-F14725D4CE34}.Debug|x64.ActiveCfg = Debug|x64
		{88C0E180-05D3-4C94-AC0D-F14725D4CE34}.Debug|x64.Build.0 = Debug|x64
		{88C0E180-05D3-4C94-AC0D-F14725D4CE34}.Debug|x86.ActiveCfg = Debug|Win32
		{88C0E180-05D3-4C94-AC0D-F14725D4CE34}.Debug|x86.Build.0 = Debug|Win32
		{88C0E180-05D3-4C94-AC0D-F14725D4CE34}.Release|x64.ActiveCfg = Release|x64
		{88C0E180-05D3-4C94-AC0D-F14725D4CE34}.Release|x64.Build.0 = Release|x64
		{88C0E180-05D3-4C94-AC0D-F14725D4CE34}.Release|x86.ActiveCfg = Release|Win32
		{88C0E180-05D3-4C94-AC0D-F14725D4CE34}.Release|x86.Build.0 = Release|Win32
	EndGlobalSection
	GlobalSection(SolutionProperties) = preSolution
		HideSolutionNode = FALSE
	EndGlobalSection
	GlobalSection(ExtensibilityGlobals) = postSolution
		SolutionGuid = {0DE6BC21-75CD-438E-BD86-422849B2CE45}
	EndGlobalSection
EndGlobal
